
Microsoft Visual Studio Solution File, Format Version 12.00
# Visual Studio 14
VisualStudioVersion = 14.0.25420.1
MinimumVisualStudioVersion = 10.0.40219.1
Project("{8BC9CEB8-8B4A-11D0-8D11-00A0C91BC942}") = "DmaVideo", "DmaVideo\DmaVideo.vcxproj", "{2D24947F-6528-47FC-8365-39D7344A7B7D}"
	ProjectSection(ProjectDependencies) = postProject
		{50D44D53-75F6-442C-836D-96BA1DB3E65D} = {50D44D53-75F6-442C-836D-96BA1DB3E65D}
		{370E09EF-5E59-414B-8F84-E9B4DB94CEA1} = {370E09EF-5E59-414B-8F84-E9B4DB94CEA1}
	EndProjectSection
EndProject
Project("{8BC9CEB8-8B4A-11D0-8D11-00A0C91BC942}") = "d3ddll", "d3ddll\d3ddll.vcxproj", "{50D44D53-75F6-442C-836D-96BA1DB3E65D}"
EndProject
Project("{8BC9CEB8-8B4A-11D0-8D11-00A0C91BC942}") = "Detours", "Detours\Detours.vcxproj", "{B119A7DC-BAE5-4798-A83D-95F602272BEE}"
EndProject
Project("{8BC9CEB8-8B4A-11D0-8D11-00A0C91BC942}") = "Hook", "Hook\Hook.vcxproj", "{370E09EF-5E59-414B-8F84-E9B4DB94CEA1}"
EndProject
Global
	GlobalSection(SolutionConfigurationPlatforms) = preSolution
		Debug|x64 = Debug|x64
		Debug|x86 = Debug|x86
		Release|x64 = Release|x64
		Release|x86 = Release|x86
	EndGlobalSection
	GlobalSection(ProjectConfigurationPlatforms) = postSolution
		{2D24947F-6528-47FC-8365-39D7344A7B7D}.Debug|x64.ActiveCfg = Debug|x64
		{2D24947F-6528-47FC-8365-39D7344A7B7D}.Debug|x64.Build.0 = Debug|x64
		{2D24947F-6528-47FC-8365-39D7344A7B7D}.Debug|x86.ActiveCfg = Debug|Win32
		{2D24947F-6528-47FC-8365-39D7344A7B7D}.Debug|x86.Build.0 = Debug|Win32
		{2D24947F-6528-47FC-8365-39D7344A7B7D}.Release|x64.ActiveCfg = Release|x64
		{2D24947F-6528-47FC-8365-39D7344A7B7D}.Release|x64.Build.0 = Release|x64
		{2D24947F-6528-47FC-8365-39D7344A7B7D}.Release|x86.ActiveCfg = Release|Win32
		{2D24947F-6528-47FC-8365-39D7344A7B7D}.Release|x86.Build.0 = Release|Win32
		{50D44D53-75F6-442C-836D-96BA1DB3E65D}.Debug|x64.ActiveCfg = Debug|x64
		{50D44D53-75F6-442C-836D-96BA1DB3E65D}.Debug|x64.Build.0 = Debug|x64
		{50D44D53-75F6-442C-836D-96BA1DB3E65D}.Debug|x86.ActiveCfg = Debug|Win32
		{50D44D53-75F6-442C-836D-96BA1DB3E65D}.Debug|x86.Build.0 = Debug|Win32
		{50D44D53-75F6-442C-836D-96BA1DB3E65D}.Release|x64.ActiveCfg = Release|x64
		{50D44D53-75F6-442C-836D-96BA1DB3E65D}.Release|x64.Build.0 = Release|x64
		{50D44D53-75F6-442C-836D-96BA1DB3E65D}.Release|x86.ActiveCfg = Release|Win32
		{50D44D53-75F6-442C-836D-96BA1DB3E65D}.Release|x86.Build.0 = Release|Win32
		{B119A7DC-BAE5-4798-A83D-95F602272BEE}.Debug|x64.ActiveCfg = Debug|x64
		{B119A7DC-BAE5-4798-A83D-95F602272BEE}.Debug|x64.Build.0 = Debug|x64
		{B119A7DC-BAE5-4798-A83D-95F602272BEE}.Debug|x86.ActiveCfg = Debug|Win32
		{B119A7DC-BAE5-4798-A83D-95F602272BEE}.Debug|x86.Build.0 = Debug|Win32
		{B119A7DC-BAE5-4798-A83D-95F602272BEE}.Release|x64.ActiveCfg = Release|x64
		{B119A7DC-BAE5-4798-A83D-95F602272BEE}.Release|x64.Build.0 = Release|x64
		{B119A7DC-BAE5-4798-A83D-95F602272BEE}.Release|x86.ActiveCfg = Release|Win32
		{B119A7DC-BAE5-4798-A83D-95F602272BEE}.Release|x86.Build.0 = Release|Win32
		{370E09EF-5E59-414B-8F84-E9B4DB94CEA1}.Debug|x64.ActiveCfg = Debug|x64
		{370E09EF-5E59-414B-8F84-E9B4DB94CEA1}.Debug|x64.Build.0 = Debug|x64
		{370E09EF-5E59-414B-8F84-E9B4DB94CEA1}.Debug|x86.ActiveCfg = Debug|Win32
		{370E09EF-5E59-414B-8F84-E9B4DB94CEA1}.Debug|x86.Build.0 = Debug|Win32
		{370E09EF-5E59-414B-8F84-E9B4DB94CEA1}.Release|x64.ActiveCfg = Release|x64
		{370E09EF-5E59-414B-8F84-E9B4DB94CEA1}.Release|x64.Build.0 = Release|x64
		{370E09EF-5E59-414B-8F84-E9B4DB94CEA1}.Release|x86.ActiveCfg = Release|Win32
		{370E09EF-5E59-414B-8F84-E9B4DB94CEA1}.Release|x86.Build.0 = Release|Win32
	EndGlobalSection
	GlobalSection(SolutionProperties) = preSolution
		HideSolutionNode = FALSE
	EndGlobalSection
EndGlobal
